hash: 6438de50df65459afcd9457ec4173353a0a259b277892c16f83860b9acb00119
updated: 2018-08-17T20:46:42.291633+01:00
imports:
- name: github.com/agext/levenshtein
  version: 5f10fee965225ac1eecdc234c09daf5cd9e7f7b6
- name: github.com/apparentlymart/go-cidr
  version: b1115bf8e14a60131a196f908223e4506b0ddc35
  subpackages:
  - cidr
- name: github.com/apparentlymart/go-textseg
  version: fb01f485ebef760e5ee06d55e1b07534dda2d295
  subpackages:
  - textseg
- name: github.com/armon/go-radix
  version: 7fddfc383310abc091d79a27f116d30cf0424032
- name: github.com/aws/aws-sdk-go
  version: 91e1b0e1eaf2ae1786d669ab6ba47df466a9a3fd
  subpackages:
  - aws
  - aws/awserr
  - aws/awsutil
  - aws/client
  - aws/client/metadata
  - aws/corehandlers
  - aws/credentials
  - aws/credentials/ec2rolecreds
  - aws/credentials/endpointcreds
  - aws/credentials/stscreds
  - aws/csm
  - aws/defaults
  - aws/ec2metadata
  - aws/endpoints
  - aws/request
  - aws/session
  - aws/signer/v4
  - internal/sdkio
  - internal/sdkrand
  - internal/sdkuri
  - internal/shareddefaults
  - private/protocol
  - private/protocol/eventstream
  - private/protocol/eventstream/eventstreamapi
  - private/protocol/query
  - private/protocol/query/queryutil
  - private/protocol/rest
  - private/protocol/restxml
  - private/protocol/xml/xmlutil
  - service/s3
  - service/sts
- name: github.com/beamly/go-gocd
  version: 5bad04c88a6bb9a687ddbc65d804c5b8eca7bb55
  subpackages:
  - gocd
- name: github.com/bgentry/go-netrc
  version: 9fd32a8b3d3d3f9d43c341bfe098430e07609480
  subpackages:
  - netrc
- name: github.com/bgentry/speakeasy
  version: 4aabc24848ce5fd31929f7d1e4ea74d3709c14cd
- name: github.com/blang/semver
  version: 3c1074078d32d767e08ab2c8564867292da86926
- name: github.com/davecgh/go-spew
  version: 8991bc29aa16c548c550c7ff78260e27b9ab7c73
  subpackages:
  - spew
- name: github.com/fatih/color
  version: 2d684516a8861da43017284349b7e303e809ac21
- name: github.com/go-ini/ini
  version: d58d458bec3cb5adec4b7ddb41131855eac0b33f
- name: github.com/golang/protobuf
  version: aa810b61a9c79d51363740d207bb46cf8e620ed5
  subpackages:
  - proto
  - ptypes
  - ptypes/any
  - ptypes/duration
  - ptypes/timestamp
- name: github.com/hashicorp/errwrap
  version: d6c0cd88035724dd42e0f335ae30161c20575ecc
- name: github.com/hashicorp/go-cleanhttp
  version: d5fe4b57a186c716b0e00b8c301cbd9b4182694d
- name: github.com/hashicorp/go-getter
  version: 4bda8fa99001c61db3cad96b421d4c12a81f256d
  subpackages:
  - helper/url
- name: github.com/hashicorp/go-hclog
  version: ff2cf002a8dd750586d91dddd4470c341f981fe1
- name: github.com/hashicorp/go-multierror
  version: 3d5d8f294aa03d8e98859feac328afbdf1ae0703
- name: github.com/hashicorp/go-plugin
  version: a4620f9913d19f03a6bf19b2f304daaaf83ea130
- name: github.com/hashicorp/go-safetemp
  version: b1a1dbde6fdc11e3ae79efd9039009e22d4ae240
- name: github.com/hashicorp/go-uuid
  version: 27454136f0364f2d44b1276c552d69105cf8c498
- name: github.com/hashicorp/go-version
  version: 270f2f71b1ee587f3b609f00f422b76a6b28f348
- name: github.com/hashicorp/hcl
  version: ef8a98b0bbce4a65b5aa4c368430a80ddc533168
  subpackages:
  - hcl/ast
  - hcl/parser
  - hcl/scanner
  - hcl/strconv
  - hcl/token
  - json/parser
  - json/scanner
  - json/token
- name: github.com/hashicorp/hcl2
  version: c79a9bd509c8897b83598ec971ae4db54eab4e85
  subpackages:
  - ext/dynblock
  - ext/typeexpr
  - gohcl
  - hcl
  - hcl/hclsyntax
  - hcl/json
  - hcldec
  - hclparse
- name: github.com/hashicorp/hil
  version: fa9f258a92500514cc8e9c67020487709df92432
  subpackages:
  - ast
  - parser
  - scanner
- name: github.com/hashicorp/logutils
  version: 0dc08b1671f34c4250ce212759ebd880f743d883
- name: github.com/hashicorp/terraform
  version: 7d7c77ad13649d3043986c1d14900a1db7443df6
  subpackages:
  - addrs
  - config
  - config/hcl2shim
  - config/module
  - configs
  - configs/configload
  - configs/configschema
  - dag
  - flatmap
  - helper/config
  - helper/hashcode
  - helper/hilmapstructure
  - helper/logging
  - helper/plugin
  - helper/resource
  - helper/schema
  - helper/structure
  - helper/validation
  - httpclient
  - lang
  - lang/funcs
  - moduledeps
  - plans
  - plugin
  - plugin/convert
  - plugin/discovery
  - plugin/proto
  - providers
  - provisioners
  - registry
  - registry/regsrc
  - registry/response
  - states
  - svchost
  - svchost/auth
  - svchost/disco
  - terraform
  - tfdiags
  - version
- name: github.com/hashicorp/yamux
  version: 3520598351bb3500a49ae9563f5539666ae0a27c
- name: github.com/jmespath/go-jmespath
  version: c2b33e8439af944379acbdd9c3a5fe0bc44bd8a5
- name: github.com/mattn/go-colorable
  version: efa589957cd060542a26d2dd7832fd6a6c6c3ade
- name: github.com/mattn/go-isatty
  version: 6ca4dbf54d38eea1a992b3c722a76a5d1c4cb25c
- name: github.com/mitchellh/cli
  version: c48282d14eba4b0817ddef3f832ff8d13851aefd
- name: github.com/mitchellh/copystructure
  version: d23ffcb85de31694d6ccaa23ccb4a03e55c1303f
- name: github.com/mitchellh/go-homedir
  version: 58046073cbffe2f25d425fe1331102f55cf719de
- name: github.com/mitchellh/go-testing-interface
  version: a61a99592b77c9ba629d254a693acffaeb4b7e28
- name: github.com/mitchellh/go-wordwrap
  version: ad45545899c7b13c020ea92b2072220eefad42b8
- name: github.com/mitchellh/hashstructure
  version: 2bca23e0e452137f789efbc8610126fd8b94f73b
- name: github.com/mitchellh/mapstructure
  version: f15292f7a699fcc1a38a80977f80a046874ba8ac
- name: github.com/mitchellh/reflectwalk
  version: 63d60e9d0dbc60cf9164e6510889b0db6683d98c
- name: github.com/oklog/run
  version: 6934b124db28979da51d3470dadfa34d73d72652
- name: github.com/pkg/errors
  version: 645ef00459ed84a119197bfb8d8205042c6df63d
- name: github.com/posener/complete
  version: e037c22b2fcfa85e74495388f03892ed194bba76
  subpackages:
  - cmd
  - cmd/install
  - match
- name: github.com/sergi/go-diff
  version: 1744e2970ca51c86172c8190fadad617561ed6e7
  subpackages:
  - diffmatchpatch
- name: github.com/sirupsen/logrus
  version: fc587f31c804fe6853cd90f0d8d90af588eca5bd
- name: github.com/spf13/afero
  version: 787d034dfe70e44075ccc060d346146ef53270ad
  subpackages:
  - mem
- name: github.com/ulikunitz/xz
  version: 636d36a76670e6c700f22fd5f4588679ff2896c4
  subpackages:
  - internal/hash
  - internal/xlog
  - lzma
- name: github.com/vmihailenco/msgpack
  version: b5e691b1eb52a28c05e67ab9df303626c095c23b
  subpackages:
  - codes
- name: github.com/zclconf/go-cty
  version: 58bb2bc0302a85e14ddcd734a1509f66fd89d595
  subpackages:
  - cty
  - cty/convert
  - cty/function
  - cty/function/stdlib
  - cty/gocty
  - cty/json
  - cty/msgpack
  - cty/set
- name: golang.org/x/crypto
  version: aabede6cba87e37f413b3e60ebfc214f8eeca1b0
  subpackages:
  - bcrypt
  - blowfish
  - cast5
  - openpgp
  - openpgp/armor
  - openpgp/elgamal
  - openpgp/errors
  - openpgp/packet
  - openpgp/s2k
  - ssh/terminal
- name: golang.org/x/net
  version: aaf60122140d3fcf75376d319f0554393160eb50
  subpackages:
  - context
  - http/httpguts
  - http2
  - http2/hpack
  - idna
  - internal/timeseries
  - trace
- name: golang.org/x/sys
  version: 1c9583448a9c3aa0f9a6a5241bf73c0bd8aafded
  subpackages:
  - unix
  - windows
- name: golang.org/x/text
  version: 6e3c4e7365ddcc329f090f96e4348398f6310088
  subpackages:
  - secure/bidirule
  - transform
  - unicode/bidi
  - unicode/norm
- name: google.golang.org/appengine
  version: 4216e58b9158e5f1c906f1aca75162a46a2ec88a
  subpackages:
  - datastore
  - internal
  - internal/app_identity
  - internal/base
  - internal/datastore
  - internal/log
  - internal/modules
  - internal/remote_api
- name: google.golang.org/genproto
  version: c66870c02cf823ceb633bcd05be3c7cda29976f4
  subpackages:
  - googleapis/rpc/status
- name: google.golang.org/grpc
  version: 9907ae0e57ce159e835381ed54eb271206bf7b12
  subpackages:
  - balancer
  - balancer/base
  - balancer/roundrobin
  - codes
  - connectivity
  - credentials
  - encoding
  - encoding/proto
  - grpclog
  - health
  - health/grpc_health_v1
  - internal
  - internal/backoff
  - internal/channelz
  - internal/envconfig
  - internal/grpcrand
  - internal/transport
  - keepalive
  - metadata
  - naming
  - peer
  - resolver
  - resolver/dns
  - resolver/passthrough
  - stats
  - status
  - tap
- name: gopkg.in/yaml.v2
  version: 5420a8b6744d3b0345ab293f6fcba19c978f1183
testImports:
- name: github.com/pmezard/go-difflib
  version: 792786c7400a136282c1664665ae0a8db921c6c2
  subpackages:
  - difflib
- name: github.com/stretchr/testify
  version: f35b8ab0b5a2cef36673838d662e249dd9c94686
  subpackages:
  - assert
