hash: 6438de50df65459afcd9457ec4173353a0a259b277892c16f83860b9acb00119
updated: 2018-09-23T11:37:07.226819+01:00
imports:
- name: github.com/agext/levenshtein
  version: 5f10fee965225ac1eecdc234c09daf5cd9e7f7b6
- name: github.com/apparentlymart/go-cidr
  version: 1755c023625ec3a84979b90841a1ab067ed6c071
  subpackages:
  - cidr
- name: github.com/apparentlymart/go-textseg
  version: fb01f485ebef760e5ee06d55e1b07534dda2d295
  subpackages:
  - textseg
- name: github.com/armon/go-radix
  version: 1a2de0c21c94309923825da3df33a4381872c795
- name: github.com/aws/aws-sdk-go
  version: 17041aebcb5855c003a34f1ccfdaf50145bb725d
  subpackages:
  - aws
  - aws/awserr
  - aws/awsutil
  - aws/client
  - aws/client/metadata
  - aws/corehandlers
  - aws/credentials
  - aws/credentials/ec2rolecreds
  - aws/credentials/endpointcreds
  - aws/credentials/stscreds
  - aws/csm
  - aws/defaults
  - aws/ec2metadata
  - aws/endpoints
  - aws/request
  - aws/session
  - aws/signer/v4
  - internal/sdkio
  - internal/sdkrand
  - internal/sdkuri
  - internal/shareddefaults
  - private/protocol
  - private/protocol/eventstream
  - private/protocol/eventstream/eventstreamapi
  - private/protocol/query
  - private/protocol/query/queryutil
  - private/protocol/rest
  - private/protocol/restxml
  - private/protocol/xml/xmlutil
  - service/s3
  - service/sts
- name: github.com/beamly/go-gocd
  version: 5bad04c88a6bb9a687ddbc65d804c5b8eca7bb55
  subpackages:
  - gocd
- name: github.com/bgentry/go-netrc
  version: 9fd32a8b3d3d3f9d43c341bfe098430e07609480
  subpackages:
  - netrc
- name: github.com/bgentry/speakeasy
  version: 4aabc24848ce5fd31929f7d1e4ea74d3709c14cd
- name: github.com/blang/semver
  version: 3c1074078d32d767e08ab2c8564867292da86926
- name: github.com/davecgh/go-spew
  version: d8f796af33cc11cb798c1aaeb27a4ebc5099927d
  subpackages:
  - spew
- name: github.com/fatih/color
  version: 2d684516a8861da43017284349b7e303e809ac21
- name: github.com/go-ini/ini
  version: fa25069db393aecc09b71267d0489b357781c860
- name: github.com/golang/protobuf
  version: 7716a980bceefe9a0213654823d9ea62d23b87a2
  subpackages:
  - proto
  - ptypes
  - ptypes/any
  - ptypes/duration
  - ptypes/timestamp
- name: github.com/hashicorp/errwrap
  version: 8a6fb523712970c966eefc6b39ed2c5e74880354
- name: github.com/hashicorp/go-cleanhttp
  version: e8ab9daed8d1ddd2d3c4efba338fe2eeae2e4f18
- name: github.com/hashicorp/go-getter
  version: 4bda8fa99001c61db3cad96b421d4c12a81f256d
  subpackages:
  - helper/url
- name: github.com/hashicorp/go-hclog
  version: e45cbeb79f0411b1cfedd3f226ff69d5d433c762
- name: github.com/hashicorp/go-multierror
  version: 886a7fbe3eb1c874d46f623bfa70af45f425b3d1
- name: github.com/hashicorp/go-plugin
  version: a4620f9913d19f03a6bf19b2f304daaaf83ea130
- name: github.com/hashicorp/go-safetemp
  version: c9a55de4fe06c920a71964b53cfe3dd293a3c743
- name: github.com/hashicorp/go-uuid
  version: de160f5c59f693fed329e73e291bb751fe4ea4dc
- name: github.com/hashicorp/go-version
  version: b5a281d3160aa11950a6182bd9a9dc2cb1e02d50
- name: github.com/hashicorp/hcl
  version: 65a6292f0157eff210d03ed1bf6c59b190b8b906
  subpackages:
  - hcl/ast
  - hcl/parser
  - hcl/scanner
  - hcl/strconv
  - hcl/token
  - json/parser
  - json/scanner
  - json/token
- name: github.com/hashicorp/hcl2
  version: ffb8e97eb71bbcee2ea32048b0a7e451d37bdb27
  subpackages:
  - ext/dynblock
  - ext/typeexpr
  - gohcl
  - hcl
  - hcl/hclsyntax
  - hcl/json
  - hcldec
  - hclparse
- name: github.com/hashicorp/hil
  version: fa9f258a92500514cc8e9c67020487709df92432
  subpackages:
  - ast
  - parser
  - scanner
- name: github.com/hashicorp/logutils
  version: a335183dfd075f638afcc820c90591ca3c97eba6
- name: github.com/hashicorp/terraform
  version: 608d977cf8a6b41f2a8b9717233134ee576a1660
  subpackages:
  - addrs
  - config
  - config/hcl2shim
  - config/module
  - configs
  - configs/configload
  - configs/configschema
  - dag
  - flatmap
  - helper/config
  - helper/hashcode
  - helper/hilmapstructure
  - helper/logging
  - helper/plugin
  - helper/resource
  - helper/schema
  - helper/structure
  - helper/validation
  - httpclient
  - lang
  - lang/funcs
  - moduledeps
  - plans
  - plans/objchange
  - plugin
  - plugin/convert
  - plugin/discovery
  - plugin/proto
  - providers
  - provisioners
  - registry
  - registry/regsrc
  - registry/response
  - states
  - svchost
  - svchost/auth
  - svchost/disco
  - terraform
  - tfdiags
  - version
- name: github.com/hashicorp/yamux
  version: 7221087c3d281fda5f794e28c2ea4c6e4d5c4558
- name: github.com/jmespath/go-jmespath
  version: c2b33e8439af944379acbdd9c3a5fe0bc44bd8a5
- name: github.com/konsorten/go-windows-terminal-sequences
  version: b729f2633dfe35f4d1d8a32385f6685610ce1cb5
- name: github.com/mattn/go-colorable
  version: efa589957cd060542a26d2dd7832fd6a6c6c3ade
- name: github.com/mattn/go-isatty
  version: 3fb116b820352b7f0c281308a4d6250c22d94e27
- name: github.com/mitchellh/cli
  version: 3d22a244be8aa6fb16ac24af0e195c08b7d973aa
- name: github.com/mitchellh/copystructure
  version: 9a1b6f44e8da0e0e374624fb0a825a231b00c537
- name: github.com/mitchellh/go-homedir
  version: ae18d6b8b3205b561c79e8e5f69bff09736185f4
- name: github.com/mitchellh/go-testing-interface
  version: 6d0b8010fcc857872e42fc6c931227569016843c
- name: github.com/mitchellh/go-wordwrap
  version: 9e67c67572bc5dd02aef930e2b0ae3c02a4b5a5c
- name: github.com/mitchellh/hashstructure
  version: a38c50148365edc8df43c1580c48fb2b3a1e9cd7
- name: github.com/mitchellh/mapstructure
  version: fa473d140ef3c6adf42d6b391fe76707f1f243c8
- name: github.com/mitchellh/reflectwalk
  version: eecee6c969c02c8cc2ae48e1e269843ae8590796
- name: github.com/oklog/run
  version: 6934b124db28979da51d3470dadfa34d73d72652
- name: github.com/pkg/errors
  version: 645ef00459ed84a119197bfb8d8205042c6df63d
- name: github.com/posener/complete
  version: 0d98d7ee195f007b3453c002780ed80c76e7c806
  subpackages:
  - cmd
  - cmd/install
  - match
- name: github.com/sergi/go-diff
  version: 1744e2970ca51c86172c8190fadad617561ed6e7
  subpackages:
  - diffmatchpatch
- name: github.com/sirupsen/logrus
  version: 33a1e118e113c7d1dd24a80f80670864cd598519
- name: github.com/spf13/afero
  version: d40851caa0d747393da1ffb28f7f9d8b4eeffebd
  subpackages:
  - mem
- name: github.com/ulikunitz/xz
  version: 636d36a76670e6c700f22fd5f4588679ff2896c4
  subpackages:
  - internal/hash
  - internal/xlog
  - lzma
- name: github.com/vmihailenco/msgpack
  version: 935c5b540faab4d4922ae6f1fddcf77a726f259c
  subpackages:
  - codes
- name: github.com/zclconf/go-cty
  version: cc054f996f8b732f7205fd6f1ef84c39f2720461
  subpackages:
  - cty
  - cty/convert
  - cty/function
  - cty/function/stdlib
  - cty/gocty
  - cty/json
  - cty/msgpack
  - cty/set
- name: golang.org/x/crypto
  version: 0e37d006457bf46f9e6692014ba72ef82c33022c
  subpackages:
  - bcrypt
  - blowfish
  - cast5
  - openpgp
  - openpgp/armor
  - openpgp/elgamal
  - openpgp/errors
  - openpgp/packet
  - openpgp/s2k
  - ssh/terminal
- name: golang.org/x/net
  version: 2f5d2388922f370f4355f327fcf4cfe9f5583908
  subpackages:
  - context
  - http/httpguts
  - http2
  - http2/hpack
  - idna
  - internal/timeseries
  - trace
- name: golang.org/x/sys
  version: d47a0f3392421c5624713c9a19fe781f651f8a50
  subpackages:
  - unix
  - windows
- name: golang.org/x/text
  version: 905a57155faa8230500121607930ebb9dd8e139c
  subpackages:
  - secure/bidirule
  - transform
  - unicode/bidi
  - unicode/norm
- name: google.golang.org/appengine
  version: ae0ab99deb4dc413a2b4bd6c8bdd0eb67f1e4d06
  subpackages:
  - datastore
  - internal
  - internal/app_identity
  - internal/base
  - internal/datastore
  - internal/log
  - internal/modules
  - internal/remote_api
- name: google.golang.org/genproto
  version: c3f76f3b92d1ffa4c58a9ff842a58b8877655e0f
  subpackages:
  - googleapis/rpc/status
- name: google.golang.org/grpc
  version: 8997b5fa08730b06a4b589dba174c115796fbb7b
  subpackages:
  - balancer
  - balancer/base
  - balancer/roundrobin
  - codes
  - connectivity
  - credentials
  - encoding
  - encoding/proto
  - grpclog
  - health
  - health/grpc_health_v1
  - internal
  - internal/backoff
  - internal/channelz
  - internal/envconfig
  - internal/grpcrand
  - internal/transport
  - keepalive
  - metadata
  - naming
  - peer
  - resolver
  - resolver/dns
  - resolver/passthrough
  - stats
  - status
  - tap
- name: gopkg.in/yaml.v2
  version: 5420a8b6744d3b0345ab293f6fcba19c978f1183
testImports:
- name: github.com/pmezard/go-difflib
  version: 792786c7400a136282c1664665ae0a8db921c6c2
  subpackages:
  - difflib
- name: github.com/stretchr/testify
  version: f35b8ab0b5a2cef36673838d662e249dd9c94686
  subpackages:
  - assert
